
Microsoft Visual Studio Solution File, Format Version 12.00
Project("{2150E333-8FDC-42A3-9474-1A3956D46DE8}") = "src", "src", "{1FE43481-F53A-4A47-84A4-F04507600C2A}"
EndProject
Project("{2150E333-8FDC-42A3-9474-1A3956D46DE8}") = "Api", "Api", "{0E2F9068-E57F-411E-B3C1-E8403E0BBCAE}"
EndProject
Project("{2150E333-8FDC-42A3-9474-1A3956D46DE8}") = "Clients", "Clients", "{7F9C0CD0-AB01-4183-AEB6-65988DAFBB39}"
EndProject
Project("{2150E333-8FDC-42A3-9474-1A3956D46DE8}") = "Common", "Common", "{006EFF07-2FC3-45B7-8ED5-8DBAEA1F60DF}"
EndProject
Project("{2150E333-8FDC-42A3-9474-1A3956D46DE8}") = "Projections", "Projections", "{6E254B71-6CC2-4EE5-99E6-06B54F3B7680}"
EndProject
Project("{2150E333-8FDC-42A3-9474-1A3956D46DE8}") = "Core", "Core", "{CC1D4EFC-D610-4A53-88A8-9A1B24073183}"
EndProject
Project("{2150E333-8FDC-42A3-9474-1A3956D46DE8}") = "Infrastructure", "Infrastructure", "{5F1877CD-2036-46CE-86D5-9272AE42722B}"
EndProject
Project("{2150E333-8FDC-42A3-9474-1A3956D46DE8}") = "WebApi", "WebApi", "{32C1EDC6-4B13-4011-A956-E57E2301DFAD}"
EndProject
Project("{2150E333-8FDC-42A3-9474-1A3956D46DE8}") = "BlazorWeb", "BlazorWeb", "{9AC75825-F6F5-4EFA-AFE3-E3C1CEA55A8C}"
EndProject
Project("{FAE04EC0-301F-11D3-BF4B-00C04F79EFBC}") = "EksiSozlukClone.Common", "src\Common\EksiSozlukClone.Common\EksiSozlukClone.Common.csproj", "{1FAA6405-5EAE-4CF1-A24E-6B4A267B5D2D}"
EndProject
Project("{FAE04EC0-301F-11D3-BF4B-00C04F79EFBC}") = "EksiSozlukClone.Api.Domain", "src\Api\Core\EksiSozlukClone.Api.Domain\EksiSozlukClone.Api.Domain.csproj", "{DA5B5E52-6035-48E6-93BD-210575709771}"
EndProject
Project("{FAE04EC0-301F-11D3-BF4B-00C04F79EFBC}") = "EksiSozlukClone.Api.Applicaton", "src\Api\Core\EksiSozlukClone.Api.Applicaton\EksiSozlukClone.Api.Applicaton.csproj", "{D1CF8C20-8E6E-401C-862B-7F272DD6CD04}"
EndProject
Project("{FAE04EC0-301F-11D3-BF4B-00C04F79EFBC}") = "EksiSozlukClone.Infrastructure.Persistence", "src\Api\Infrastructure\EksiSozlukClone.Infrastructure.Persistence\EksiSozlukClone.Infrastructure.Persistence.csproj", "{186E2ABB-EFA8-4940-80E5-3E36AE263618}"
EndProject
Project("{FAE04EC0-301F-11D3-BF4B-00C04F79EFBC}") = "EksiSozlukClone.Api.WebApi", "src\Api\WebApi\EksiSozlukClone.Api.WebApi\EksiSozlukClone.Api.WebApi.csproj", "{48A86DBE-70C1-4A66-A916-B823F3D34053}"
EndProject
Project("{FAE04EC0-301F-11D3-BF4B-00C04F79EFBC}") = "EksiSozlukClone.Projections.FavoriteService", "src\Projections\EksiSozlukClone.Projections.FavoriteService\EksiSozlukClone.Projections.FavoriteService.csproj", "{E5A8ACDC-8C2B-43FC-883A-52B6F201BACC}"
EndProject
Project("{FAE04EC0-301F-11D3-BF4B-00C04F79EFBC}") = "EksiSozlukClone.Projections.UserService", "src\Projections\EksiSozlukClone.Projections.UserService\EksiSozlukClone.Projections.UserService.csproj", "{2307E906-6733-4C1E-AD77-9DE97316A22A}"
EndProject
Project("{FAE04EC0-301F-11D3-BF4B-00C04F79EFBC}") = "EksiSozlukClone.Projections.VoteService", "src\Projections\EksiSozlukClone.Projections.VoteService\EksiSozlukClone.Projections.VoteService.csproj", "{38BCE1C4-5A1D-4168-993E-4EA199906813}"
EndProject
Project("{FAE04EC0-301F-11D3-BF4B-00C04F79EFBC}") = "EksiSozlukClone.WebApp", "src\Clients\BlazorWeb\EksiSozlukClone.WebApp\EksiSozlukClone.WebApp.csproj", "{3950BD6C-3593-41C0-AA6E-448F10F52FBB}"
EndProject
Global
	GlobalSection(SolutionConfigurationPlatforms) = preSolution
		Debug|Any CPU = Debug|Any CPU
		Release|Any CPU = Release|Any CPU
	EndGlobalSection
	GlobalSection(NestedProjects) = preSolution
		{0E2F9068-E57F-411E-B3C1-E8403E0BBCAE} = {1FE43481-F53A-4A47-84A4-F04507600C2A}
		{7F9C0CD0-AB01-4183-AEB6-65988DAFBB39} = {1FE43481-F53A-4A47-84A4-F04507600C2A}
		{006EFF07-2FC3-45B7-8ED5-8DBAEA1F60DF} = {1FE43481-F53A-4A47-84A4-F04507600C2A}
		{6E254B71-6CC2-4EE5-99E6-06B54F3B7680} = {1FE43481-F53A-4A47-84A4-F04507600C2A}
		{CC1D4EFC-D610-4A53-88A8-9A1B24073183} = {0E2F9068-E57F-411E-B3C1-E8403E0BBCAE}
		{5F1877CD-2036-46CE-86D5-9272AE42722B} = {0E2F9068-E57F-411E-B3C1-E8403E0BBCAE}
		{32C1EDC6-4B13-4011-A956-E57E2301DFAD} = {0E2F9068-E57F-411E-B3C1-E8403E0BBCAE}
		{9AC75825-F6F5-4EFA-AFE3-E3C1CEA55A8C} = {7F9C0CD0-AB01-4183-AEB6-65988DAFBB39}
		{1FAA6405-5EAE-4CF1-A24E-6B4A267B5D2D} = {006EFF07-2FC3-45B7-8ED5-8DBAEA1F60DF}
		{DA5B5E52-6035-48E6-93BD-210575709771} = {CC1D4EFC-D610-4A53-88A8-9A1B24073183}
		{D1CF8C20-8E6E-401C-862B-7F272DD6CD04} = {CC1D4EFC-D610-4A53-88A8-9A1B24073183}
		{186E2ABB-EFA8-4940-80E5-3E36AE263618} = {5F1877CD-2036-46CE-86D5-9272AE42722B}
		{48A86DBE-70C1-4A66-A916-B823F3D34053} = {32C1EDC6-4B13-4011-A956-E57E2301DFAD}
		{E5A8ACDC-8C2B-43FC-883A-52B6F201BACC} = {6E254B71-6CC2-4EE5-99E6-06B54F3B7680}
		{2307E906-6733-4C1E-AD77-9DE97316A22A} = {6E254B71-6CC2-4EE5-99E6-06B54F3B7680}
		{38BCE1C4-5A1D-4168-993E-4EA199906813} = {6E254B71-6CC2-4EE5-99E6-06B54F3B7680}
		{3950BD6C-3593-41C0-AA6E-448F10F52FBB} = {9AC75825-F6F5-4EFA-AFE3-E3C1CEA55A8C}
	EndGlobalSection
	GlobalSection(ProjectConfigurationPlatforms) = postSolution
		{1FAA6405-5EAE-4CF1-A24E-6B4A267B5D2D}.Debug|Any CPU.ActiveCfg = Debug|Any CPU
		{1FAA6405-5EAE-4CF1-A24E-6B4A267B5D2D}.Debug|Any CPU.Build.0 = Debug|Any CPU
		{1FAA6405-5EAE-4CF1-A24E-6B4A267B5D2D}.Release|Any CPU.ActiveCfg = Release|Any CPU
		{1FAA6405-5EAE-4CF1-A24E-6B4A267B5D2D}.Release|Any CPU.Build.0 = Release|Any CPU
		{DA5B5E52-6035-48E6-93BD-210575709771}.Debug|Any CPU.ActiveCfg = Debug|Any CPU
		{DA5B5E52-6035-48E6-93BD-210575709771}.Debug|Any CPU.Build.0 = Debug|Any CPU
		{DA5B5E52-6035-48E6-93BD-210575709771}.Release|Any CPU.ActiveCfg = Release|Any CPU
		{DA5B5E52-6035-48E6-93BD-210575709771}.Release|Any CPU.Build.0 = Release|Any CPU
		{D1CF8C20-8E6E-401C-862B-7F272DD6CD04}.Debug|Any CPU.ActiveCfg = Debug|Any CPU
		{D1CF8C20-8E6E-401C-862B-7F272DD6CD04}.Debug|Any CPU.Build.0 = Debug|Any CPU
		{D1CF8C20-8E6E-401C-862B-7F272DD6CD04}.Release|Any CPU.ActiveCfg = Release|Any CPU
		{D1CF8C20-8E6E-401C-862B-7F272DD6CD04}.Release|Any CPU.Build.0 = Release|Any CPU
		{186E2ABB-EFA8-4940-80E5-3E36AE263618}.Debug|Any CPU.ActiveCfg = Debug|Any CPU
		{186E2ABB-EFA8-4940-80E5-3E36AE263618}.Debug|Any CPU.Build.0 = Debug|Any CPU
		{186E2ABB-EFA8-4940-80E5-3E36AE263618}.Release|Any CPU.ActiveCfg = Release|Any CPU
		{186E2ABB-EFA8-4940-80E5-3E36AE263618}.Release|Any CPU.Build.0 = Release|Any CPU
		{48A86DBE-70C1-4A66-A916-B823F3D34053}.Debug|Any CPU.ActiveCfg = Debug|Any CPU
		{48A86DBE-70C1-4A66-A916-B823F3D34053}.Debug|Any CPU.Build.0 = Debug|Any CPU
		{48A86DBE-70C1-4A66-A916-B823F3D34053}.Release|Any CPU.ActiveCfg = Release|Any CPU
		{48A86DBE-70C1-4A66-A916-B823F3D34053}.Release|Any CPU.Build.0 = Release|Any CPU
		{E5A8ACDC-8C2B-43FC-883A-52B6F201BACC}.Debug|Any CPU.ActiveCfg = Debug|Any CPU
		{E5A8ACDC-8C2B-43FC-883A-52B6F201BACC}.Debug|Any CPU.Build.0 = Debug|Any CPU
		{E5A8ACDC-8C2B-43FC-883A-52B6F201BACC}.Release|Any CPU.ActiveCfg = Release|Any CPU
		{E5A8ACDC-8C2B-43FC-883A-52B6F201BACC}.Release|Any CPU.Build.0 = Release|Any CPU
		{2307E906-6733-4C1E-AD77-9DE97316A22A}.Debug|Any CPU.ActiveCfg = Debug|Any CPU
		{2307E906-6733-4C1E-AD77-9DE97316A22A}.Debug|Any CPU.Build.0 = Debug|Any CPU
		{2307E906-6733-4C1E-AD77-9DE97316A22A}.Release|Any CPU.ActiveCfg = Release|Any CPU
		{2307E906-6733-4C1E-AD77-9DE97316A22A}.Release|Any CPU.Build.0 = Release|Any CPU
		{38BCE1C4-5A1D-4168-993E-4EA199906813}.Debug|Any CPU.ActiveCfg = Debug|Any CPU
		{38BCE1C4-5A1D-4168-993E-4EA199906813}.Debug|Any CPU.Build.0 = Debug|Any CPU
		{38BCE1C4-5A1D-4168-993E-4EA199906813}.Release|Any CPU.ActiveCfg = Release|Any CPU
		{38BCE1C4-5A1D-4168-993E-4EA199906813}.Release|Any CPU.Build.0 = Release|Any CPU
		{3950BD6C-3593-41C0-AA6E-448F10F52FBB}.Debug|Any CPU.ActiveCfg = Debug|Any CPU
		{3950BD6C-3593-41C0-AA6E-448F10F52FBB}.Debug|Any CPU.Build.0 = Debug|Any CPU
		{3950BD6C-3593-41C0-AA6E-448F10F52FBB}.Release|Any CPU.ActiveCfg = Release|Any CPU
		{3950BD6C-3593-41C0-AA6E-448F10F52FBB}.Release|Any CPU.Build.0 = Release|Any CPU
	EndGlobalSection
EndGlobal
